DEPENDENCIES
  apache2
  certificate
  chef-sugar
  chef-vault
  database
  mediawiki
    path: .
    metadata: true
  php
  postgresql
  tar

GRAPH
  apache2 (3.1.0)
  apt (2.8.2)
  build-essential (2.2.3)
  certificate (1.0.0)
    chef-vault (>= 0.0.0)
  chef-sugar (3.1.1)
  chef-vault (1.3.0)
  chef_handler (1.2.0)
  database (4.0.9)
    postgresql (>= 1.0.0)
  iis (4.1.1)
    windows (>= 1.34.6)
  mediawiki (1.0.0)
    apache2 (= 3.1.0)
    certificate (= 1.0.0)
    chef-sugar (>= 0.0.0)
    chef-vault (= 1.3.0)
    database (= 4.0.9)
    php (= 1.7.2)
    postgresql (= 3.4.20)
    tar (= 0.7.0)
  mysql (6.1.2)
    smf (>= 0.0.0)
    yum-mysql-community (>= 0.0.0)
  openssl (4.0.0)
    chef-sugar (>= 0.0.0)
  php (1.7.2)
    build-essential (>= 0.0.0)
    iis (>= 0.0.0)
    mysql (>= 6.0.0)
    windows (>= 0.0.0)
    xml (>= 0.0.0)
    yum-epel (>= 0.0.0)
  postgresql (3.4.20)
    apt (>= 1.9.0)
    build-essential (>= 0.0.0)
    openssl (~> 4.0.0)
  rbac (1.0.3)
  smf (2.2.7)
    rbac (>= 1.0.1)
  tar (0.7.0)
  windows (1.38.2)
    chef_handler (>= 0.0.0)
  xml (1.3.1)
    build-essential (>= 0.0.0)
    chef-sugar (>= 0.0.0)
  yum (3.8.1)
  yum-epel (0.6.3)
    yum (~> 3.2)
  yum-mysql-community (0.1.18)
    yum (>= 3.0)
